
Microsoft Visual Studio Solution File, Format Version 12.00
# Visual Studio 15
VisualStudioVersion = 15.0.27130.2036
MinimumVisualStudioVersion = 10.0.40219.1
Project("{FAE04EC0-301F-11D3-BF4B-00C04F79EFBC}") = "Squeddit", "Squeddit\Squeddit.csproj", "{FCB609DF-EFF3-4293-8F82-E2A4869F46FE}"
EndProject
Global
	GlobalSection(SolutionConfigurationPlatforms) = preSolution
		Debug|Any CPU = Debug|Any CPU
		Release|Any CPU = Release|Any CPU
	EndGlobalSection
	GlobalSection(ProjectConfigurationPlatforms) = postSolution
		{FCB609DF-EFF3-4293-8F82-E2A4869F46FE}.Debug|Any CPU.ActiveCfg = Debug|Any CPU
		{FCB609DF-EFF3-4293-8F82-E2A4869F46FE}.Debug|Any CPU.Build.0 = Debug|Any CPU
		{FCB609DF-EFF3-4293-8F82-E2A4869F46FE}.Release|Any CPU.ActiveCfg = Release|Any CPU
		{FCB609DF-EFF3-4293-8F82-E2A4869F46FE}.Release|Any CPU.Build.0 = Release|Any CPU
	EndGlobalSection
	GlobalSection(SolutionProperties) = preSolution
		HideSolutionNode = FALSE
	EndGlobalSection
	GlobalSection(ExtensibilityGlobals) = postSolution
		SolutionGuid = {10E134CE-8FEF-40AC-A134-13CD137C49DF}
	EndGlobalSection
EndGlobal
