
Microsoft Visual Studio Solution File, Format Version 12.00
# Visual Studio 15
VisualStudioVersion = 15.0.27130.2036
MinimumVisualStudioVersion = 10.0.40219.1
Project("{FAE04EC0-301F-11D3-BF4B-00C04F79EFBC}") = "Squitter", "Squitter\Squitter.csproj", "{E749ACA9-EEFA-4579-801A-5C933AE42ADD}"
EndProject
Global
	GlobalSection(SolutionConfigurationPlatforms) = preSolution
		Debug|Any CPU = Debug|Any CPU
		Release|Any CPU = Release|Any CPU
	EndGlobalSection
	GlobalSection(ProjectConfigurationPlatforms) = postSolution
		{E749ACA9-EEFA-4579-801A-5C933AE42ADD}.Debug|Any CPU.ActiveCfg = Debug|Any CPU
		{E749ACA9-EEFA-4579-801A-5C933AE42ADD}.Debug|Any CPU.Build.0 = Debug|Any CPU
		{E749ACA9-EEFA-4579-801A-5C933AE42ADD}.Release|Any CPU.ActiveCfg = Release|Any CPU
		{E749ACA9-EEFA-4579-801A-5C933AE42ADD}.Release|Any CPU.Build.0 = Release|Any CPU
	EndGlobalSection
	GlobalSection(SolutionProperties) = preSolution
		HideSolutionNode = FALSE
	EndGlobalSection
	GlobalSection(ExtensibilityGlobals) = postSolution
		SolutionGuid = {D80B2DBB-47E5-45F7-8859-FE7A5B707D9C}
	EndGlobalSection
EndGlobal
